
Microsoft Visual Studio Solution File, Format Version 12.00
# Visual Studio Version 16
VisualStudioVersion = 16.0.31624.102
MinimumVisualStudioVersion = 10.0.40219.1
Project("{8BC9CEB8-8B4A-11D0-8D11-00A0C91BC942}") = "ProcessManagment", "ProcessManagment\ProcessManagment.vcxproj", "{8DBB6D2A-E6D2-4F37-8D01-4FC336CA31C7}"
EndProject
Project("{8BC9CEB8-8B4A-11D0-8D11-00A0C91BC942}") = "GPS", "GPS\GPS.vcxproj", "{C9FEB99B-FCB6-4651-AFCD-CB92D4217302}"
EndProject
Project("{8BC9CEB8-8B4A-11D0-8D11-00A0C91BC942}") = "Camera", "Camera\Camera.vcxproj", "{F5EF7298-E97A-4853-8AC9-6CA72094DAE7}"
EndProject
Project("{8BC9CEB8-8B4A-11D0-8D11-00A0C91BC942}") = "Display", "Display\Display.vcxproj", "{DC3C17D6-2DE0-465E-9F63-34CEE9BC5F1A}"
EndProject
Project("{8BC9CEB8-8B4A-11D0-8D11-00A0C91BC942}") = "Laser", "Laser\Laser.vcxproj", "{7CC45479-F731-4453-A63C-EF8F13C56765}"
EndProject
Project("{8BC9CEB8-8B4A-11D0-8D11-00A0C91BC942}") = "UGV", "UGV\UGV.vcxproj", "{E458D39B-36A0-4010-B8CD-7A13C43D47B6}"
EndProject
Global
	GlobalSection(SolutionConfigurationPlatforms) = preSolution
		Debug|x64 = Debug|x64
		Debug|x86 = Debug|x86
		Release|x64 = Release|x64
		Release|x86 = Release|x86
	EndGlobalSection
	GlobalSection(ProjectConfigurationPlatforms) = postSolution
		{8DBB6D2A-E6D2-4F37-8D01-4FC336CA31C7}.Debug|x64.ActiveCfg = Debug|x64
		{8DBB6D2A-E6D2-4F37-8D01-4FC336CA31C7}.Debug|x64.Build.0 = Debug|x64
		{8DBB6D2A-E6D2-4F37-8D01-4FC336CA31C7}.Debug|x86.ActiveCfg = Debug|Win32
		{8DBB6D2A-E6D2-4F37-8D01-4FC336CA31C7}.Debug|x86.Build.0 = Debug|Win32
		{8DBB6D2A-E6D2-4F37-8D01-4FC336CA31C7}.Release|x64.ActiveCfg = Release|x64
		{8DBB6D2A-E6D2-4F37-8D01-4FC336CA31C7}.Release|x64.Build.0 = Release|x64
		{8DBB6D2A-E6D2-4F37-8D01-4FC336CA31C7}.Release|x86.ActiveCfg = Release|Win32
		{8DBB6D2A-E6D2-4F37-8D01-4FC336CA31C7}.Release|x86.Build.0 = Release|Win32
		{C9FEB99B-FCB6-4651-AFCD-CB92D4217302}.Debug|x64.ActiveCfg = Debug|x64
		{C9FEB99B-FCB6-4651-AFCD-CB92D4217302}.Debug|x64.Build.0 = Debug|x64
		{C9FEB99B-FCB6-4651-AFCD-CB92D4217302}.Debug|x86.ActiveCfg = Debug|Win32
		{C9FEB99B-FCB6-4651-AFCD-CB92D4217302}.Debug|x86.Build.0 = Debug|Win32
		{C9FEB99B-FCB6-4651-AFCD-CB92D4217302}.Release|x64.ActiveCfg = Release|x64
		{C9FEB99B-FCB6-4651-AFCD-CB92D4217302}.Release|x64.Build.0 = Release|x64
		{C9FEB99B-FCB6-4651-AFCD-CB92D4217302}.Release|x86.ActiveCfg = Release|Win32
		{C9FEB99B-FCB6-4651-AFCD-CB92D4217302}.Release|x86.Build.0 = Release|Win32
		{F5EF7298-E97A-4853-8AC9-6CA72094DAE7}.Debug|x64.ActiveCfg = Debug|x64
		{F5EF7298-E97A-4853-8AC9-6CA72094DAE7}.Debug|x64.Build.0 = Debug|x64
		{F5EF7298-E97A-4853-8AC9-6CA72094DAE7}.Debug|x86.ActiveCfg = Release|Win32
		{F5EF7298-E97A-4853-8AC9-6CA72094DAE7}.Debug|x86.Build.0 = Release|Win32
		{F5EF7298-E97A-4853-8AC9-6CA72094DAE7}.Release|x64.ActiveCfg = Release|x64
		{F5EF7298-E97A-4853-8AC9-6CA72094DAE7}.Release|x64.Build.0 = Release|x64
		{F5EF7298-E97A-4853-8AC9-6CA72094DAE7}.Release|x86.ActiveCfg = Release|Win32
		{F5EF7298-E97A-4853-8AC9-6CA72094DAE7}.Release|x86.Build.0 = Release|Win32
		{DC3C17D6-2DE0-465E-9F63-34CEE9BC5F1A}.Debug|x64.ActiveCfg = Debug|x64
		{DC3C17D6-2DE0-465E-9F63-34CEE9BC5F1A}.Debug|x64.Build.0 = Debug|x64
		{DC3C17D6-2DE0-465E-9F63-34CEE9BC5F1A}.Debug|x86.ActiveCfg = Debug|Win32
		{DC3C17D6-2DE0-465E-9F63-34CEE9BC5F1A}.Debug|x86.Build.0 = Debug|Win32
		{DC3C17D6-2DE0-465E-9F63-34CEE9BC5F1A}.Release|x64.ActiveCfg = Release|x64
		{DC3C17D6-2DE0-465E-9F63-34CEE9BC5F1A}.Release|x64.Build.0 = Release|x64
		{DC3C17D6-2DE0-465E-9F63-34CEE9BC5F1A}.Release|x86.ActiveCfg = Release|Win32
		{DC3C17D6-2DE0-465E-9F63-34CEE9BC5F1A}.Release|x86.Build.0 = Release|Win32
		{7CC45479-F731-4453-A63C-EF8F13C56765}.Debug|x64.ActiveCfg = Debug|x64
		{7CC45479-F731-4453-A63C-EF8F13C56765}.Debug|x64.Build.0 = Debug|x64
		{7CC45479-F731-4453-A63C-EF8F13C56765}.Debug|x86.ActiveCfg = Debug|Win32
		{7CC45479-F731-4453-A63C-EF8F13C56765}.Debug|x86.Build.0 = Debug|Win32
		{7CC45479-F731-4453-A63C-EF8F13C56765}.Release|x64.ActiveCfg = Release|x64
		{7CC45479-F731-4453-A63C-EF8F13C56765}.Release|x64.Build.0 = Release|x64
		{7CC45479-F731-4453-A63C-EF8F13C56765}.Release|x86.ActiveCfg = Release|Win32
		{7CC45479-F731-4453-A63C-EF8F13C56765}.Release|x86.Build.0 = Release|Win32
		{E458D39B-36A0-4010-B8CD-7A13C43D47B6}.Debug|x64.ActiveCfg = Debug|x64
		{E458D39B-36A0-4010-B8CD-7A13C43D47B6}.Debug|x64.Build.0 = Debug|x64
		{E458D39B-36A0-4010-B8CD-7A13C43D47B6}.Debug|x86.ActiveCfg = Debug|Win32
		{E458D39B-36A0-4010-B8CD-7A13C43D47B6}.Debug|x86.Build.0 = Debug|Win32
		{E458D39B-36A0-4010-B8CD-7A13C43D47B6}.Release|x64.ActiveCfg = Release|x64
		{E458D39B-36A0-4010-B8CD-7A13C43D47B6}.Release|x64.Build.0 = Release|x64
		{E458D39B-36A0-4010-B8CD-7A13C43D47B6}.Release|x86.ActiveCfg = Release|Win32
		{E458D39B-36A0-4010-B8CD-7A13C43D47B6}.Release|x86.Build.0 = Release|Win32
	EndGlobalSection
	GlobalSection(SolutionProperties) = preSolution
		HideSolutionNode = FALSE
	EndGlobalSection
	GlobalSection(ExtensibilityGlobals) = postSolution
		SolutionGuid = {4BD00AE8-D542-4F6E-BFD4-530E4429CD6F}
	EndGlobalSection
EndGlobal
